<?xml version="1.0" encoding="utf-8"?>
<Project ToolsVersion="4.0" xmlns="http://schemas.microsoft.com/developer/msbuild/2003">
  <ItemGroup>
    <Filter Include="Source Files">
      <UniqueIdentifier>{4FC737F1-C7A5-4376-A066-2A32D752A2FF}</UniqueIdentifier>
      <Extensions>cpp;c;cc;cxx;def;odl;idl;hpj;bat;asm;asmx</Extensions>
    </Filter>
    <Filter Include="Header Files">
      <UniqueIdentifier>{93995380-89BD-4b04-88EB-625FBE52EBFB}</UniqueIdentifier>
      <Extensions>h;hpp;hxx;hm;inl;inc;xsd</Extensions>
    </Filter>
    <Filter Include="Resource Files">
      <UniqueIdentifier>{67DA6AB6-F800-4c08-8B7A-83BB121AAD01}</UniqueIdentifier>
      <Extensions>rc;ico;cur;bmp;dlg;rc2;rct;bin;rgs;gif;jpg;jpeg;jpe;resx;tiff;tif;png;wav;mfcribbon-ms</Extensions>
    </Filter>
  </ItemGroup>
  <ItemGroup>
    <ClCompile Include="FBMPResource.cpp">
      <Filter>Source Files</Filter>
    </ClCompile>
    <ClCompile Include="FFile.cpp">
      <Filter>Source Files</Filter>
    </ClCompile>
    <ClCompile Include="FImageResource.cpp">
      <Filter>Source Files</Filter>
    </ClCompile>
    <ClCompile Include="FJPEGResource.cpp">
      <Filter>Source Files</Filter>
    </ClCompile>
    <ClCompile Include="FOsFile.cpp">
      <Filter>Source Files</Filter>
    </ClCompile>
    <ClCompile Include="FPNGResource.cpp">
      <Filter>Source Files</Filter>
    </ClCompile>
    <ClCompile Include="FResourceManager.cpp">
      <Filter>Source Files</Filter>
    </ClCompile>
    <ClCompile Include="FStack.cpp">
      <Filter>Source Files</Filter>
    </ClCompile>
    <ClCompile Include="FString.cpp">
      <Filter>Source Files</Filter>
    </ClCompile>
    <ClCompile Include="FTGAResource.cpp">
      <Filter>Source Files</Filter>
    </ClCompile>
    <ClCompile Include="FResource.cpp">
      <Filter>Source Files</Filter>
    </ClCompile>
    <ClCompile Include="FFrame.cpp">
      <Filter>Source Files</Filter>
    </ClCompile>
    <ClCompile Include="FStringAllocator.cpp">
      <Filter>Source Files</Filter>
    </ClCompile>
    <ClCompile Include="FAtlasBuilder.cpp">
      <Filter>Source Files</Filter>
    </ClCompile>
    <ClCompile Include="FConsole.cpp">
      <Filter>Source Files</Filter>
    </ClCompile>
    <ClCompile Include="FAtlasConfig.cpp">
      <Filter>Source Files</Filter>
    </ClCompile>
    <ClCompile Include="main.cpp">
      <Filter>Source Files</Filter>
    </ClCompile>
  </ItemGroup>
  <ItemGroup>
    <ClInclude Include="FBMPResource.h">
      <Filter>Header Files</Filter>
    </ClInclude>
    <ClInclude Include="FFile.h">
      <Filter>Header Files</Filter>
    </ClInclude>
    <ClInclude Include="FImageResource.h">
      <Filter>Header Files</Filter>
    </ClInclude>
    <ClInclude Include="FJPEGResource.h">
      <Filter>Header Files</Filter>
    </ClInclude>
    <ClInclude Include="FList.h">
      <Filter>Header Files</Filter>
    </ClInclude>
    <ClInclude Include="FOsFile.h">
      <Filter>Header Files</Filter>
    </ClInclude>
    <ClInclude Include="FPNGResource.h">
      <Filter>Header Files</Filter>
    </ClInclude>
    <ClInclude Include="FResourceManager.h">
      <Filter>Header Files</Filter>
    </ClInclude>
    <ClInclude Include="FStack.h">
      <Filter>Header Files</Filter>
    </ClInclude>
    <ClInclude Include="FString.h">
      <Filter>Header Files</Filter>
    </ClInclude>
    <ClInclude Include="FTGAResource.h">
      <Filter>Header Files</Filter>
    </ClInclude>
    <ClInclude Include="types.h">
      <Filter>Header Files</Filter>
    </ClInclude>
    <ClInclude Include="FResource.h">
      <Filter>Header Files</Filter>
    </ClInclude>
    <ClInclude Include="FFrame.h">
      <Filter>Header Files</Filter>
    </ClInclude>
    <ClInclude Include="FAtlasHeader.h">
      <Filter>Header Files</Filter>
    </ClInclude>
    <ClInclude Include="FStringAllocator.h">
      <Filter>Header Files</Filter>
    </ClInclude>
    <ClInclude Include="FAtlasBuilder.h">
      <Filter>Header Files</Filter>
    </ClInclude>
    <ClInclude Include="FConsole.h">
      <Filter>Header Files</Filter>
    </ClInclude>
    <ClInclude Include="FAtlasConfig.h">
      <Filter>Header Files</Filter>
    </ClInclude>
  </ItemGroup>
  <ItemGroup>
    <Library Include="jpeg\libjpeg-static-mt-debug.lib" />
    <Library Include="png\libpng-static-mt-debug.lib" />
    <Library Include="zlib\zlib-static-mt-debug.lib" />
  </ItemGroup>
  <ItemGroup>
    <None Include="jpeg\libjpeg-static-mt-debug.pdb" />
    <None Include="png\libpng-static-mt-debug.pdb" />
    <None Include="zlib\zlib-static-mt-debug.pdb" />
  </ItemGroup>
</Project>